
Microsoft Visual Studio Solution File, Format Version 12.00
# Visual Studio Version 16
VisualStudioVersion = 16.0.29102.190
MinimumVisualStudioVersion = 10.0.40219.1
Project("{FAE04EC0-301F-11D3-BF4B-00C04F79EFBC}") = "TXURLClient", "TXURLClient\TXURLClient.csproj", "{BF91B08E-381F-4501-864A-15F9E6D58B7E}"
EndProject
Global
	GlobalSection(SolutionConfigurationPlatforms) = preSolution
		Debug|Any CPU = Debug|Any CPU
		Release|Any CPU = Release|Any CPU
	EndGlobalSection
	GlobalSection(ProjectConfigurationPlatforms) = postSolution
		{BF91B08E-381F-4501-864A-15F9E6D58B7E}.Debug|Any CPU.ActiveCfg = Debug|Any CPU
		{BF91B08E-381F-4501-864A-15F9E6D58B7E}.Debug|Any CPU.Build.0 = Debug|Any CPU
		{BF91B08E-381F-4501-864A-15F9E6D58B7E}.Release|Any CPU.ActiveCfg = Release|Any CPU
		{BF91B08E-381F-4501-864A-15F9E6D58B7E}.Release|Any CPU.Build.0 = Release|Any CPU
	EndGlobalSection
	GlobalSection(SolutionProperties) = preSolution
		HideSolutionNode = FALSE
	EndGlobalSection
	GlobalSection(ExtensibilityGlobals) = postSolution
		SolutionGuid = {5EA1CAA0-76BB-4F59-B6B2-4B6E8A5C26E5}
	EndGlobalSection
EndGlobal
